<?xml version="1.0" encoding="utf-8"?>
<Project ToolsVersion="4.0" xmlns="http://schemas.microsoft.com/developer/msbuild/2003">
  <ItemGroup>
    <Filter Include="Source Files">
      <UniqueIdentifier>{4FC737F1-C7A5-4376-A066-2A32D752A2FF}</UniqueIdentifier>
      <Extensions>cpp;c;cc;cxx;def;odl;idl;hpj;bat;asm;asmx</Extensions>
    </Filter>
    <Filter Include="Header Files">
      <UniqueIdentifier>{93995380-89BD-4b04-88EB-625FBE52EBFB}</UniqueIdentifier>
      <Extensions>h;hh;hpp;hxx;hm;inl;inc;xsd</Extensions>
    </Filter>
    <Filter Include="Resource Files">
      <UniqueIdentifier>{67DA6AB6-F800-4c08-8B7A-83BB121AAD01}</UniqueIdentifier>
      <Extensions>rc;ico;cur;bmp;dlg;rc2;rct;bin;rgs;gif;jpg;jpeg;jpe;resx;tiff;tif;png;wav;mfcribbon-ms</Extensions>
    </Filter>
    <Filter Include="Header Files\common">
      <UniqueIdentifier>{4c90c74a-4fa5-4b19-8b1c-3e5abb2f92fa}</UniqueIdentifier>
    </Filter>
    <Filter Include="Source Files\Common">
      <UniqueIdentifier>{813874f2-919f-45bb-9d08-2795b287a249}</UniqueIdentifier>
    </Filter>
    <Filter Include="Header Files\heap">
      <UniqueIdentifier>{449cc28f-dce3-431d-ba26-1115c02b1709}</UniqueIdentifier>
    </Filter>
    <Filter Include="Header Files\heap\simpleheap">
      <UniqueIdentifier>{cbe8843d-c697-438d-977d-954106cd43c6}</UniqueIdentifier>
    </Filter>
    <Filter Include="Header Files\heap\binomialheap">
      <UniqueIdentifier>{05bcfe22-41d2-4b66-aa72-ffa99405c29e}</UniqueIdentifier>
    </Filter>
    <Filter Include="Header Files\heap\fibonacciheap">
      <UniqueIdentifier>{bed060b8-1d3e-4e70-ad61-c79fd3dab252}</UniqueIdentifier>
    </Filter>
    <Filter Include="Source Files\heap">
      <UniqueIdentifier>{4682c134-9ce0-4992-8c41-8b92f35350ee}</UniqueIdentifier>
    </Filter>
    <Filter Include="Source Files\heap\fibonacciheap">
      <UniqueIdentifier>{e105ccf9-98c4-46dd-87bb-5442903b423a}</UniqueIdentifier>
    </Filter>
    <Filter Include="Source Files\heap\binomialheap">
      <UniqueIdentifier>{095de8d4-5327-4cd2-84f9-458f88460f59}</UniqueIdentifier>
    </Filter>
    <Filter Include="Source Files\heap\simpleheap">
      <UniqueIdentifier>{8b0668e3-12ee-4eb5-99dc-918da417a922}</UniqueIdentifier>
    </Filter>
    <Filter Include="Header Files\tree">
      <UniqueIdentifier>{b8f83997-db76-4ff3-9dfb-d9efd3ef5432}</UniqueIdentifier>
    </Filter>
    <Filter Include="Source Files\tree">
      <UniqueIdentifier>{fed2e713-fa94-4fce-9c0f-3851b25f61c1}</UniqueIdentifier>
    </Filter>
    <Filter Include="Header Files\tree\simplebtree">
      <UniqueIdentifier>{385fde0a-9e45-41a5-8e6c-1038fdd31066}</UniqueIdentifier>
    </Filter>
    <Filter Include="Source Files\tree\simplebtree">
      <UniqueIdentifier>{10ef92c5-dba8-470d-92f4-7c5043826786}</UniqueIdentifier>
    </Filter>
    <Filter Include="Header Files\tree\redblack">
      <UniqueIdentifier>{a8664c22-baed-4263-a531-b610bde8eed9}</UniqueIdentifier>
    </Filter>
    <Filter Include="Source Files\tree\redblack">
      <UniqueIdentifier>{45dad3ca-3be3-45f8-acca-bfd3827fe613}</UniqueIdentifier>
    </Filter>
  </ItemGroup>
  <ItemGroup>
    <Text Include="ReadMe.txt" />
  </ItemGroup>
  <ItemGroup>
    <ClInclude Include="libdatastruct.h">
      <Filter>Header Files</Filter>
    </ClInclude>
    <ClInclude Include="src\libstr\libstr.h">
      <Filter>Header Files</Filter>
    </ClInclude>
    <ClInclude Include="src\common\environ.h">
      <Filter>Header Files\common</Filter>
    </ClInclude>
    <ClInclude Include="src\heap\heapdatastructure.h">
      <Filter>Header Files\heap</Filter>
    </ClInclude>
    <ClInclude Include="src\heap\fibonacciheap\fibonacciheap.hpp">
      <Filter>Header Files\heap\fibonacciheap</Filter>
    </ClInclude>
    <ClInclude Include="src\heap\fibonacciheap\fibonacciheap.hxx">
      <Filter>Header Files\heap\fibonacciheap</Filter>
    </ClInclude>
    <ClInclude Include="src\heap\binomialheap\binomialheap.hpp">
      <Filter>Header Files\heap\binomialheap</Filter>
    </ClInclude>
    <ClInclude Include="src\heap\binomialheap\binomialheap.hxx">
      <Filter>Header Files\heap\binomialheap</Filter>
    </ClInclude>
    <ClInclude Include="src\tree\redblack\redblack.hpp">
      <Filter>Header Files\tree\redblack</Filter>
    </ClInclude>
    <ClInclude Include="src\tree\treedatastruct.h">
      <Filter>Header Files\tree</Filter>
    </ClInclude>
    <ClInclude Include="src\tree\simplebtree\simplebtree.hpp">
      <Filter>Header Files\tree\simplebtree</Filter>
    </ClInclude>
    <ClInclude Include="src\tree\simplebtree\simplebtree.hxx">
      <Filter>Header Files\tree\simplebtree</Filter>
    </ClInclude>
    <ClInclude Include="src\heap\simpleheap\simpleheap.hpp">
      <Filter>Header Files\heap\simpleheap</Filter>
    </ClInclude>
    <ClInclude Include="src\heap\simpleheap\simpleheap.hxx">
      <Filter>Header Files\heap\simpleheap</Filter>
    </ClInclude>
    <ClInclude Include="src\tree\treecommon.h">
      <Filter>Header Files\tree</Filter>
    </ClInclude>
  </ItemGroup>
  <ItemGroup>
    <ClCompile Include="src\heap\binomialheap\binomialheap.cpp">
      <Filter>Source Files\heap\binomialheap</Filter>
    </ClCompile>
    <ClCompile Include="src\heap\fibonacciheap\fibonacciheap.cpp">
      <Filter>Source Files\heap\fibonacciheap</Filter>
    </ClCompile>
    <ClCompile Include="src\heap\simpleheap\simpleheap.cpp">
      <Filter>Source Files\heap\simpleheap</Filter>
    </ClCompile>
    <ClCompile Include="src\tree\simplebtree\simplebtree.cpp">
      <Filter>Source Files\tree\simplebtree</Filter>
    </ClCompile>
    <ClCompile Include="src\tree\redblack\redblack.cpp">
      <Filter>Source Files\tree\redblack</Filter>
    </ClCompile>
  </ItemGroup>
  <ItemGroup>
    <None Include="ClassDiagram.cd" />
  </ItemGroup>
</Project>